
Microsoft Visual Studio Solution File, Format Version 12.00
# Visual Studio Version 17
VisualStudioVersion = 17.11.35222.181
MinimumVisualStudioVersion = 10.0.40219.1
Project("{FAE04EC0-301F-11D3-BF4B-00C04F79EFBC}") = "mat_modelirovanije2", "mat_modelirovanije2.csproj", "{48C597D1-1CBE-4890-BB2A-DB7D28F6C57E}"
EndProject
Global
	GlobalSection(SolutionConfigurationPlatforms) = preSolution
		Debug|Any CPU = Debug|Any CPU
		Release|Any CPU = Release|Any CPU
	EndGlobalSection
	GlobalSection(ProjectConfigurationPlatforms) = postSolution
		{48C597D1-1CBE-4890-BB2A-DB7D28F6C57E}.Debug|Any CPU.ActiveCfg = Debug|Any CPU
		{48C597D1-1CBE-4890-BB2A-DB7D28F6C57E}.Debug|Any CPU.Build.0 = Debug|Any CPU
		{48C597D1-1CBE-4890-BB2A-DB7D28F6C57E}.Release|Any CPU.ActiveCfg = Release|Any CPU
		{48C597D1-1CBE-4890-BB2A-DB7D28F6C57E}.Release|Any CPU.Build.0 = Release|Any CPU
	EndGlobalSection
	GlobalSection(SolutionProperties) = preSolution
		HideSolutionNode = FALSE
	EndGlobalSection
	GlobalSection(ExtensibilityGlobals) = postSolution
		SolutionGuid = {2BF15DDC-67D0-4262-82B9-A882027E8CC9}
	EndGlobalSection
EndGlobal
